
Microsoft Visual Studio Solution File, Format Version 12.00
# Visual Studio Version 17
VisualStudioVersion = 17.6.33829.357
MinimumVisualStudioVersion = 10.0.40219.1
Project("{FAE04EC0-301F-11D3-BF4B-00C04F79EFBC}") = "VoiceChanger", "VoiceChanger\VoiceChanger.csproj", "{EB2400D7-F2E0-4960-B100-62E370D8F87A}"
EndProject
Global
	GlobalSection(SolutionConfigurationPlatforms) = preSolution
		Debug|Any CPU = Debug|Any CPU
		Release|Any CPU = Release|Any CPU
	EndGlobalSection
	GlobalSection(ProjectConfigurationPlatforms) = postSolution
		{EB2400D7-F2E0-4960-B100-62E370D8F87A}.Debug|Any CPU.ActiveCfg = Debug|Any CPU
		{EB2400D7-F2E0-4960-B100-62E370D8F87A}.Debug|Any CPU.Build.0 = Debug|Any CPU
		{EB2400D7-F2E0-4960-B100-62E370D8F87A}.Release|Any CPU.ActiveCfg = Release|Any CPU
		{EB2400D7-F2E0-4960-B100-62E370D8F87A}.Release|Any CPU.Build.0 = Release|Any CPU
	EndGlobalSection
	GlobalSection(SolutionProperties) = preSolution
		HideSolutionNode = FALSE
	EndGlobalSection
	GlobalSection(ExtensibilityGlobals) = postSolution
		SolutionGuid = {C5C7F922-DF12-4756-89A0-76B0377132D4}
	EndGlobalSection
EndGlobal
